
Microsoft Visual Studio Solution File, Format Version 12.00
# Visual Studio Version 16
VisualStudioVersion = 16.0.29920.165
MinimumVisualStudioVersion = 10.0.40219.1
Project("{FAE04EC0-301F-11D3-BF4B-00C04F79EFBC}") = "EsportsClubBot", "EsportsClubBot\EsportsClubBot.csproj", "{FE70C0A3-4FC8-4896-8585-44B93F4A17FA}"
EndProject
Global
	GlobalSection(SolutionConfigurationPlatforms) = preSolution
		Debug|Any CPU = Debug|Any CPU
		Release|Any CPU = Release|Any CPU
	EndGlobalSection
	GlobalSection(ProjectConfigurationPlatforms) = postSolution
		{FE70C0A3-4FC8-4896-8585-44B93F4A17FA}.Debug|Any CPU.ActiveCfg = Debug|Any CPU
		{FE70C0A3-4FC8-4896-8585-44B93F4A17FA}.Debug|Any CPU.Build.0 = Debug|Any CPU
		{FE70C0A3-4FC8-4896-8585-44B93F4A17FA}.Release|Any CPU.ActiveCfg = Release|Any CPU
		{FE70C0A3-4FC8-4896-8585-44B93F4A17FA}.Release|Any CPU.Build.0 = Release|Any CPU
	EndGlobalSection
	GlobalSection(SolutionProperties) = preSolution
		HideSolutionNode = FALSE
	EndGlobalSection
	GlobalSection(ExtensibilityGlobals) = postSolution
		SolutionGuid = {B336E872-3807-419B-ADBB-2DD3DB4E5DE9}
	EndGlobalSection
EndGlobal
